
Microsoft Visual Studio Solution File, Format Version 12.00
# Visual Studio Version 16
VisualStudioVersion = 16.0.31019.35
MinimumVisualStudioVersion = 10.0.40219.1
Project("{FAE04EC0-301F-11D3-BF4B-00C04F79EFBC}") = "new_calendars", "new_calendars.csproj", "{43A047B9-75D7-46BF-867E-9EDF7C4DC1C9}"
EndProject
Global
	GlobalSection(SolutionConfigurationPlatforms) = preSolution
		Debug|Any CPU = Debug|Any CPU
		Release|Any CPU = Release|Any CPU
	EndGlobalSection
	GlobalSection(ProjectConfigurationPlatforms) = postSolution
		{43A047B9-75D7-46BF-867E-9EDF7C4DC1C9}.Debug|Any CPU.ActiveCfg = Debug|Any CPU
		{43A047B9-75D7-46BF-867E-9EDF7C4DC1C9}.Debug|Any CPU.Build.0 = Debug|Any CPU
		{43A047B9-75D7-46BF-867E-9EDF7C4DC1C9}.Release|Any CPU.ActiveCfg = Release|Any CPU
		{43A047B9-75D7-46BF-867E-9EDF7C4DC1C9}.Release|Any CPU.Build.0 = Release|Any CPU
	EndGlobalSection
	GlobalSection(SolutionProperties) = preSolution
		HideSolutionNode = FALSE
	EndGlobalSection
	GlobalSection(ExtensibilityGlobals) = postSolution
		SolutionGuid = {11156ACF-655E-4F97-B6AB-D2B4589327BC}
	EndGlobalSection
EndGlobal
